
Microsoft Visual Studio Solution File, Format Version 12.00
# Visual Studio 15
VisualStudioVersion = 15.0.28307.489
MinimumVisualStudioVersion = 10.0.40219.1
Project("{FAE04EC0-301F-11D3-BF4B-00C04F79EFBC}") = "Insta3", "Insta3\Insta3.csproj", "{966E937E-19B6-4DB8-A36E-17288190F355}"
EndProject
Global
	GlobalSection(SolutionConfigurationPlatforms) = preSolution
		Debug|Any CPU = Debug|Any CPU
		Release|Any CPU = Release|Any CPU
	EndGlobalSection
	GlobalSection(ProjectConfigurationPlatforms) = postSolution
		{966E937E-19B6-4DB8-A36E-17288190F355}.Debug|Any CPU.ActiveCfg = Debug|Any CPU
		{966E937E-19B6-4DB8-A36E-17288190F355}.Debug|Any CPU.Build.0 = Debug|Any CPU
		{966E937E-19B6-4DB8-A36E-17288190F355}.Release|Any CPU.ActiveCfg = Release|Any CPU
		{966E937E-19B6-4DB8-A36E-17288190F355}.Release|Any CPU.Build.0 = Release|Any CPU
	EndGlobalSection
	GlobalSection(SolutionProperties) = preSolution
		HideSolutionNode = FALSE
	EndGlobalSection
	GlobalSection(ExtensibilityGlobals) = postSolution
		SolutionGuid = {EA850348-D64E-4239-BF91-22F9EC9B3030}
	EndGlobalSection
EndGlobal
