
Microsoft Visual Studio Solution File, Format Version 12.00
# Visual Studio 15
VisualStudioVersion = 15.0.28010.2016
MinimumVisualStudioVersion = 10.0.40219.1
Project("{00D1A9C2-B5F0-4AF3-8072-F6C62B433612}") = "BancoTeste", "BancoTeste\BancoTeste.sqlproj", "{243AC982-1F67-42B8-843C-C6E8E3460EE8}"
EndProject
Global
	GlobalSection(SolutionConfigurationPlatforms) = preSolution
		Debug|Any CPU = Debug|Any CPU
		Release|Any CPU = Release|Any CPU
	EndGlobalSection
	GlobalSection(ProjectConfigurationPlatforms) = postSolution
		{243AC982-1F67-42B8-843C-C6E8E3460EE8}.Debug|Any CPU.ActiveCfg = Debug|Any CPU
		{243AC982-1F67-42B8-843C-C6E8E3460EE8}.Debug|Any CPU.Build.0 = Debug|Any CPU
		{243AC982-1F67-42B8-843C-C6E8E3460EE8}.Debug|Any CPU.Deploy.0 = Debug|Any CPU
		{243AC982-1F67-42B8-843C-C6E8E3460EE8}.Release|Any CPU.ActiveCfg = Release|Any CPU
		{243AC982-1F67-42B8-843C-C6E8E3460EE8}.Release|Any CPU.Build.0 = Release|Any CPU
		{243AC982-1F67-42B8-843C-C6E8E3460EE8}.Release|Any CPU.Deploy.0 = Release|Any CPU
	EndGlobalSection
	GlobalSection(SolutionProperties) = preSolution
		HideSolutionNode = FALSE
	EndGlobalSection
	GlobalSection(ExtensibilityGlobals) = postSolution
		SolutionGuid = {6E3D480C-511F-4D33-882C-7B6787659A43}
	EndGlobalSection
EndGlobal
