
Microsoft Visual Studio Solution File, Format Version 12.00
# Visual Studio 15
VisualStudioVersion = 15.0.27703.2035
MinimumVisualStudioVersion = 10.0.40219.1
Project("{FAE04EC0-301F-11D3-BF4B-00C04F79EFBC}") = "01 - ByteBank", "01 - ByteBank\01 - ByteBank.csproj", "{58B8A39A-3123-4523-BD10-7448208C3729}"
EndProject
Project("{FAE04EC0-301F-11D3-BF4B-00C04F79EFBC}") = "02 - ByteBank", "02 - ByteBank\02 - ByteBank.csproj", "{08BD2699-8544-4610-9EA8-4117412C57F8}"
EndProject
Project("{FAE04EC0-301F-11D3-BF4B-00C04F79EFBC}") = "03 - ByteBank", "03 - ByteBank\03 - ByteBank.csproj", "{8B09AD26-8CBC-4DDF-A554-2B965E6DFFC2}"
EndProject
Project("{FAE04EC0-301F-11D3-BF4B-00C04F79EFBC}") = "04 - ByteBank", "04 - ByteBank\04 - ByteBank.csproj", "{DC1B7868-0282-4907-AC24-19FE6984B721}"
EndProject
Project("{FAE04EC0-301F-11D3-BF4B-00C04F79EFBC}") = "05 - ByteBank", "05 - ByteBank\05 - ByteBank.csproj", "{A2EF70F5-E8CE-4D56-B3CC-1178FDEBCD85}"
EndProject
Project("{FAE04EC0-301F-11D3-BF4B-00C04F79EFBC}") = "06-ByteBank", "06-ByteBank\06-ByteBank.csproj", "{3ACEAF53-49DB-4FF7-A20B-A5F693ED260B}"
EndProject
Project("{FAE04EC0-301F-11D3-BF4B-00C04F79EFBC}") = "07-ByteBank", "07-ByteBank\07-ByteBank.csproj", "{EB05087E-D114-43F7-8BB3-5EC9E2F53D86}"
EndProject
Global
	GlobalSection(SolutionConfigurationPlatforms) = preSolution
		Debug|Any CPU = Debug|Any CPU
		Release|Any CPU = Release|Any CPU
	EndGlobalSection
	GlobalSection(ProjectConfigurationPlatforms) = postSolution
		{58B8A39A-3123-4523-BD10-7448208C3729}.Debug|Any CPU.ActiveCfg = Debug|Any CPU
		{58B8A39A-3123-4523-BD10-7448208C3729}.Debug|Any CPU.Build.0 = Debug|Any CPU
		{58B8A39A-3123-4523-BD10-7448208C3729}.Release|Any CPU.ActiveCfg = Release|Any CPU
		{58B8A39A-3123-4523-BD10-7448208C3729}.Release|Any CPU.Build.0 = Release|Any CPU
		{08BD2699-8544-4610-9EA8-4117412C57F8}.Debug|Any CPU.ActiveCfg = Debug|Any CPU
		{08BD2699-8544-4610-9EA8-4117412C57F8}.Debug|Any CPU.Build.0 = Debug|Any CPU
		{08BD2699-8544-4610-9EA8-4117412C57F8}.Release|Any CPU.ActiveCfg = Release|Any CPU
		{08BD2699-8544-4610-9EA8-4117412C57F8}.Release|Any CPU.Build.0 = Release|Any CPU
		{8B09AD26-8CBC-4DDF-A554-2B965E6DFFC2}.Debug|Any CPU.ActiveCfg = Debug|Any CPU
		{8B09AD26-8CBC-4DDF-A554-2B965E6DFFC2}.Debug|Any CPU.Build.0 = Debug|Any CPU
		{8B09AD26-8CBC-4DDF-A554-2B965E6DFFC2}.Release|Any CPU.ActiveCfg = Release|Any CPU
		{8B09AD26-8CBC-4DDF-A554-2B965E6DFFC2}.Release|Any CPU.Build.0 = Release|Any CPU
		{DC1B7868-0282-4907-AC24-19FE6984B721}.Debug|Any CPU.ActiveCfg = Debug|Any CPU
		{DC1B7868-0282-4907-AC24-19FE6984B721}.Debug|Any CPU.Build.0 = Debug|Any CPU
		{DC1B7868-0282-4907-AC24-19FE6984B721}.Release|Any CPU.ActiveCfg = Release|Any CPU
		{DC1B7868-0282-4907-AC24-19FE6984B721}.Release|Any CPU.Build.0 = Release|Any CPU
		{A2EF70F5-E8CE-4D56-B3CC-1178FDEBCD85}.Debug|Any CPU.ActiveCfg = Debug|Any CPU
		{A2EF70F5-E8CE-4D56-B3CC-1178FDEBCD85}.Debug|Any CPU.Build.0 = Debug|Any CPU
		{A2EF70F5-E8CE-4D56-B3CC-1178FDEBCD85}.Release|Any CPU.ActiveCfg = Release|Any CPU
		{A2EF70F5-E8CE-4D56-B3CC-1178FDEBCD85}.Release|Any CPU.Build.0 = Release|Any CPU
		{3ACEAF53-49DB-4FF7-A20B-A5F693ED260B}.Debug|Any CPU.ActiveCfg = Debug|Any CPU
		{3ACEAF53-49DB-4FF7-A20B-A5F693ED260B}.Debug|Any CPU.Build.0 = Debug|Any CPU
		{3ACEAF53-49DB-4FF7-A20B-A5F693ED260B}.Release|Any CPU.ActiveCfg = Release|Any CPU
		{3ACEAF53-49DB-4FF7-A20B-A5F693ED260B}.Release|Any CPU.Build.0 = Release|Any CPU
		{EB05087E-D114-43F7-8BB3-5EC9E2F53D86}.Debug|Any CPU.ActiveCfg = Debug|Any CPU
		{EB05087E-D114-43F7-8BB3-5EC9E2F53D86}.Debug|Any CPU.Build.0 = Debug|Any CPU
		{EB05087E-D114-43F7-8BB3-5EC9E2F53D86}.Release|Any CPU.ActiveCfg = Release|Any CPU
		{EB05087E-D114-43F7-8BB3-5EC9E2F53D86}.Release|Any CPU.Build.0 = Release|Any CPU
	EndGlobalSection
	GlobalSection(SolutionProperties) = preSolution
		HideSolutionNode = FALSE
	EndGlobalSection
	GlobalSection(ExtensibilityGlobals) = postSolution
		SolutionGuid = {7183687E-CCF9-4A4E-A573-1D8A71264821}
	EndGlobalSection
EndGlobal
